// !$*UTF8*$!
{
	archiveVersion = 1;
	classes = {
	};
	objectVersion = 46;
	objects = {

/* Begin PBXBuildFile section */
		A088585A1DB4B455004121FB /* TestTests.m in Sources */ = {isa = PBXBuildFile; fileRef = A08858591DB4B455004121FB /* TestTests.m */; };
		E098D76E1D522BBA00F55BC1 /* main.m in Sources */ = {isa = PBXBuildFile; fileRef = E098D76D1D522BBA00F55BC1 /* main.m */; };
		E098D7711D522BBA00F55BC1 /* AppDelegate.m in Sources */ = {isa = PBXBuildFile; fileRef = E098D7701D522BBA00F55BC1 /* AppDelegate.m */; };
		E098D7741D522BBA00F55BC1 /* ViewController.m in Sources */ = {isa = PBXBuildFile; fileRef = E098D7731D522BBA00F55BC1 /* ViewController.m */; };
		E098D7771D522BBA00F55BC1 /* Main.storyboard in Resources */ = {isa = PBXBuildFile; fileRef = E098D7751D522BBA00F55BC1 /* Main.storyboard */; };
		E098D7791D522BBA00F55BC1 /* Assets.xcassets in Resources */ = {isa = PBXBuildFile; fileRef = E098D7781D522BBA00F55BC1 /* Assets.xcassets */; };
		E098D77C1D522BBA00F55BC1 /* LaunchScreen.storyboard in Resources */ = {isa = PBXBuildFile; fileRef = E098D77A1D522BBA00F55BC1 /* LaunchScreen.storyboard */; };
		E098D7851D522C1600F55BC1 /* TQLocationConverter.m in Sources */ = {isa = PBXBuildFile; fileRef = E098D7841D522C1600F55BC1 /* TQLocationConverter.m */; };
/* End PBXBuildFile section */

/* Begin PBXContainerItemProxy section */
		A088585C1DB4B455004121FB /* PBXContainerItemProxy */ = {
			isa = PBXContainerItemProxy;
			containerPortal = E098D7611D522BBA00F55BC1 /* Project object */;
			proxyType = 1;
			remoteGlobalIDString = E098D7681D522BBA00F55BC1;
			remoteInfo = Test;
		};
/* End PBXContainerItemProxy section */

/* Begin PBXFileReference section */
		A08858571DB4B455004121FB /* TestTests.xctest */ = {isa = PBXFileReference; explicitFileType = wrapper.cfbundle; includeInIndex = 0; path = TestTests.xctest; sourceTree = BUILT_PRODUCTS_DIR; };
		A08858591DB4B455004121FB /* TestTests.m */ = {isa = PBXFileReference; lastKnownFileType = sourcecode.c.objc; path = TestTests.m; sourceTree = "<group>"; };
		A088585B1DB4B455004121FB /* Info.plist */ = {isa = PBXFileReference; lastKnownFileType = text.plist.xml; path = Info.plist; sourceTree = "<group>"; };
		E098D7691D522BBA00F55BC1 /* Test.app */ = {isa = PBXFileReference; explicitFileType = wrapper.application; includeInIndex = 0; path = Test.app; sourceTree = BUILT_PRODUCTS_DIR; };
		E098D76D1D522BBA00F55BC1 /* main.m */ = {isa = PBXFileReference; lastKnownFileType = sourcecode.c.objc; path = main.m; sourceTree = "<group>"; };
		E098D76F1D522BBA00F55BC1 /* AppDelegate.h */ = {isa = PBXFileReference; lastKnownFileType = sourcecode.c.h; path = AppDelegate.h; sourceTree = "<group>"; };
		E098D7701D522BBA00F55BC1 /* AppDelegate.m */ = {isa = PBXFileReference; lastKnownFileType = sourcecode.c.objc; path = AppDelegate.m; sourceTree = "<group>"; };
		E098D7721D522BBA00F55BC1 /* ViewController.h */ = {isa = PBXFileReference; lastKnownFileType = sourcecode.c.h; path = ViewController.h; sourceTree = "<group>"; };
		E098D7731D522BBA00F55BC1 /* ViewController.m */ = {isa = PBXFileReference; lastKnownFileType = sourcecode.c.objc; path = ViewController.m; sourceTree = "<group>"; };
		E098D7761D522BBA00F55BC1 /* Base */ = {isa = PBXFileReference; lastKnownFileType = file.storyboard; name = Base; path = Base.lproj/Main.storyboard; sourceTree = "<group>"; };
		E098D7781D522BBA00F55BC1 /* Assets.xcassets */ = {isa = PBXFileReference; lastKnownFileType = folder.assetcatalog; path = Assets.xcassets; sourceTree = "<group>"; };
		E098D77B1D522BBA00F55BC1 /* Base */ = {isa = PBXFileReference; lastKnownFileType = file.storyboard; name = Base; path = Base.lproj/LaunchScreen.storyboard; sourceTree = "<group>"; };
		E098D77D1D522BBA00F55BC1 /* Info.plist */ = {isa = PBXFileReference; lastKnownFileType = text.plist.xml; path = Info.plist; sourceTree = "<group>"; };
		E098D7831D522C1600F55BC1 /* TQLocationConverter.h */ = {isa = PBXFileReference; fileEncoding = 4; lastKnownFileType = sourcecode.c.h; name = TQLocationConverter.h; path = ../TQLocationConverter.h; sourceTree = "<group>"; };
		E098D7841D522C1600F55BC1 /* TQLocationConverter.m */ = {isa = PBXFileReference; fileEncoding = 4; lastKnownFileType = sourcecode.c.objc; name = TQLocationConverter.m; path = ../TQLocationConverter.m; sourceTree = "<group>"; };
/* End PBXFileReference section */

/* Begin PBXFrameworksBuildPhase section */
		A08858541DB4B455004121FB /* Frameworks */ = {
			isa = PBXFrameworksBuildPhase;
			buildActionMask = 2147483647;
			files = (
			);
			runOnlyForDeploymentPostprocessing = 0;
		};
		E098D7661D522BBA00F55BC1 /* Frameworks */ = {
			isa = PBXFrameworksBuildPhase;
			buildActionMask = 2147483647;
			files = (
			);
			runOnlyForDeploymentPostprocessing = 0;
		};
/* End PBXFrameworksBuildPhase section */

/* Begin PBXGroup section */
		A08858581DB4B455004121FB /* TestTests */ = {
			isa = PBXGroup;
			children = (
				A08858591DB4B455004121FB /* TestTests.m */,
				A088585B1DB4B455004121FB /* Info.plist */,
			);
			path = TestTests;
			sourceTree = "<group>";
		};
		E098D7601D522BBA00F55BC1 = {
			isa = PBXGroup;
			children = (
				E098D7831D522C1600F55BC1 /* TQLocationConverter.h */,
				E098D7841D522C1600F55BC1 /* TQLocationConverter.m */,
				E098D76B1D522BBA00F55BC1 /* Test */,
				A08858581DB4B455004121FB /* TestTests */,
				E098D76A1D522BBA00F55BC1 /* Products */,
			);
			sourceTree = "<group>";
		};
		E098D76A1D522BBA00F55BC1 /* Products */ = {
			isa = PBXGroup;
			children = (
				E098D7691D522BBA00F55BC1 /* Test.app */,
				A08858571DB4B455004121FB /* TestTests.xctest */,
			);
			name = Products;
			sourceTree = "<group>";
		};
		E098D76B1D522BBA00F55BC1 /* Test */ = {
			isa = PBXGroup;
			children = (
				E098D76F1D522BBA00F55BC1 /* AppDelegate.h */,
				E098D7701D522BBA00F55BC1 /* AppDelegate.m */,
				E098D7721D522BBA00F55BC1 /* ViewController.h */,
				E098D7731D522BBA00F55BC1 /* ViewController.m */,
				E098D7751D522BBA00F55BC1 /* Main.storyboard */,
				E098D7781D522BBA00F55BC1 /* Assets.xcassets */,
				E098D77A1D522BBA00F55BC1 /* LaunchScreen.storyboard */,
				E098D77D1D522BBA00F55BC1 /* Info.plist */,
				E098D76C1D522BBA00F55BC1 /* Supporting Files */,
			);
			path = Test;
			sourceTree = "<group>";
		};
		E098D76C1D522BBA00F55BC1 /* Supporting Files */ = {
			isa = PBXGroup;
			children = (
				E098D76D1D522BBA00F55BC1 /* main.m */,
			);
			name = "Supporting Files";
			sourceTree = "<group>";
		};
/* End PBXGroup section */

/* Begin PBXNativeTarget section */
		A08858561DB4B455004121FB /* TestTests */ = {
			isa = PBXNativeTarget;
			buildConfigurationList = A08858601DB4B456004121FB /* Build configuration list for PBXNativeTarget "TestTests" */;
			buildPhases = (
				A08858531DB4B455004121FB /* Sources */,
				A08858541DB4B455004121FB /* Frameworks */,
				A08858551DB4B455004121FB /* Resources */,
			);
			buildRules = (
			);
			dependencies = (
				A088585D1DB4B455004121FB /* PBXTargetDependency */,
			);
			name = TestTests;
			productName = TestTests;
			productReference = A08858571DB4B455004121FB /* TestTests.xctest */;
			productType = "com.apple.product-type.bundle.unit-test";
		};
		E098D7681D522BBA00F55BC1 /* Test */ = {
			isa = PBXNativeTarget;
			buildConfigurationList = E098D7801D522BBA00F55BC1 /* Build configuration list for PBXNativeTarget "Test" */;
			buildPhases = (
				E098D7651D522BBA00F55BC1 /* Sources */,
				E098D7661D522BBA00F55BC1 /* Frameworks */,
				E098D7671D522BBA00F55BC1 /* Resources */,
			);
			buildRules = (
			);
			dependencies = (
			);
			name = Test;
			productName = Test;
			productReference = E098D7691D522BBA00F55BC1 /* Test.app */;
			productType = "com.apple.product-type.application";
		};
/* End PBXNativeTarget section */

/* Begin PBXProject section */
		E098D7611D522BBA00F55BC1 /* Project object */ = {
			isa = PBXProject;
			attributes = {
				LastUpgradeCheck = 0730;
				ORGANIZATIONNAME = qfu;
				TargetAttributes = {
					A08858561DB4B455004121FB = {
						CreatedOnToolsVersion = 8.0;
						ProvisioningStyle = Automatic;
						TestTargetID = E098D7681D522BBA00F55BC1;
					};
					E098D7681D522BBA00F55BC1 = {
						CreatedOnToolsVersion = 7.3.1;
					};
				};
			};
			buildConfigurationList = E098D7641D522BBA00F55BC1 /* Build configuration list for PBXProject "Test" */;
			compatibilityVersion = "Xcode 3.2";
			developmentRegion = English;
			hasScannedForEncodings = 0;
			knownRegions = (
				en,
				Base,
			);
			mainGroup = E098D7601D522BBA00F55BC1;
			productRefGroup = E098D76A1D522BBA00F55BC1 /* Products */;
			projectDirPath = "";
			projectRoot = "";
			targets = (
				E098D7681D522BBA00F55BC1 /* Test */,
				A08858561DB4B455004121FB /* TestTests */,
			);
		};
/* End PBXProject section */

/* Begin PBXResourcesBuildPhase section */
		A08858551DB4B455004121FB /* Resources */ = {
			isa = PBXResourcesBuildPhase;
			buildActionMask = 2147483647;
			files = (
			);
			runOnlyForDeploymentPostprocessing = 0;
		};
		E098D7671D522BBA00F55BC1 /* Resources */ = {
			isa = PBXResourcesBuildPhase;
			buildActionMask = 2147483647;
			files = (
				E098D77C1D522BBA00F55BC1 /* LaunchScreen.storyboard in Resources */,
				E098D7791D522BBA00F55BC1 /* Assets.xcassets in Resources */,
				E098D7771D522BBA00F55BC1 /* Main.storyboard in Resources */,
			);
			runOnlyForDeploymentPostprocessing = 0;
		};
/* End PBXResourcesBuildPhase section */

/* Begin PBXSourcesBuildPhase section */
		A08858531DB4B455004121FB /* Sources */ = {
			isa = PBXSourcesBuildPhase;
			buildActionMask = 2147483647;
			files = (
				A088585A1DB4B455004121FB /* TestTests.m in Sources */,
			);
			runOnlyForDeploymentPostprocessing = 0;
		};
		E098D7651D522BBA00F55BC1 /* Sources */ = {
			isa = PBXSourcesBuildPhase;
			buildActionMask = 2147483647;
			files = (
				E098D7741D522BBA00F55BC1 /* ViewController.m in Sources */,
				E098D7711D522BBA00F55BC1 /* AppDelegate.m in Sources */,
				E098D7851D522C1600F55BC1 /* TQLocationConverter.m in Sources */,
				E098D76E1D522BBA00F55BC1 /* main.m in Sources */,
			);
			runOnlyForDeploymentPostprocessing = 0;
		};
/* End PBXSourcesBuildPhase section */

/* Begin PBXTargetDependency section */
		A088585D1DB4B455004121FB /* PBXTargetDependency */ = {
			isa = PBXTargetDependency;
			target = E098D7681D522BBA00F55BC1 /* Test */;
			targetProxy = A088585C1DB4B455004121FB /* PBXContainerItemProxy */;
		};
/* End PBXTargetDependency section */

/* Begin PBXVariantGroup section */
		E098D7751D522BBA00F55BC1 /* Main.storyboard */ = {
			isa = PBXVariantGroup;
			children = (
				E098D7761D522BBA00F55BC1 /* Base */,
			);
			name = Main.storyboard;
			sourceTree = "<group>";
		};
		E098D77A1D522BBA00F55BC1 /* LaunchScreen.storyboard */ = {
			isa = PBXVariantGroup;
			children = (
				E098D77B1D522BBA00F55BC1 /* Base */,
			);
			name = LaunchScreen.storyboard;
			sourceTree = "<group>";
		};
/* End PBXVariantGroup section */

/* Begin XCBuildConfiguration section */
		A088585E1DB4B456004121FB /* Debug */ = {
			isa = XCBuildConfiguration;
			buildSettings = {
				BUNDLE_LOADER = "$(TEST_HOST)";
				CLANG_WARN_DOCUMENTATION_COMMENTS = YES;
				CLANG_WARN_INFINITE_RECURSION = YES;
				CLANG_WARN_SUSPICIOUS_MOVES = YES;
				INFOPLIST_FILE = TestTests/Info.plist;
				IPHONEOS_DEPLOYMENT_TARGET = 10.0;
				LD_RUNPATH_SEARCH_PATHS = "$(inherited) @executable_path/Frameworks @loader_path/Frameworks";
				PRODUCT_BUNDLE_IDENTIFIER = com.mobvoi.TestTests;
				PRODUCT_NAME = "$(TARGET_NAME)";
				TEST_HOST = "$(BUILT_PRODUCTS_DIR)/Test.app/Test";
			};
			name = Debug;
		};
		A088585F1DB4B456004121FB /* Release */ = {
			isa = XCBuildConfiguration;
			buildSettings = {
				BUNDLE_LOADER = "$(TEST_HOST)";
				CLANG_WARN_DOCUMENTATION_COMMENTS = YES;
				CLANG_WARN_INFINITE_RECURSION = YES;
				CLANG_WARN_SUSPICIOUS_MOVES = YES;
				INFOPLIST_FILE = TestTests/Info.plist;
				IPHONEOS_DEPLOYMENT_TARGET = 10.0;
				LD_RUNPATH_SEARCH_PATHS = "$(inherited) @executable_path/Frameworks @loader_path/Frameworks";
				PRODUCT_BUNDLE_IDENTIFIER = com.mobvoi.TestTests;
				PRODUCT_NAME = "$(TARGET_NAME)";
				TEST_HOST = "$(BUILT_PRODUCTS_DIR)/Test.app/Test";
			};
			name = Release;
		};
		E098D77E1D522BBA00F55BC1 /* Debug */ = {
			isa = XCBuildConfiguration;
			buildSettings = {
				ALWAYS_SEARCH_USER_PATHS = NO;
				CLANG_ANALYZER_NONNULL = YES;
				CLANG_CXX_LANGUAGE_STANDARD = "gnu++0x";
				CLANG_CXX_LIBRARY = "libc++";
				CLANG_ENABLE_MODULES = YES;
				CLANG_ENABLE_OBJC_ARC = YES;
				CLANG_WARN_BOOL_CONVERSION = YES;
				CLANG_WARN_CONSTANT_CONVERSION = YES;
				CLANG_WARN_DIRECT_OBJC_ISA_USAGE = YES_ERROR;
				CLANG_WARN_EMPTY_BODY = YES;
				CLANG_WARN_ENUM_CONVERSION = YES;
				CLANG_WARN_INT_CONVERSION = YES;
				CLANG_WARN_OBJC_ROOT_CLASS = YES_ERROR;
				CLANG_WARN_UNREACHABLE_CODE = YES;
				CLANG_WARN__DUPLICATE_METHOD_MATCH = YES;
				"CODE_SIGN_IDENTITY[sdk=iphoneos*]" = "iPhone Developer";
				COPY_PHASE_STRIP = NO;
				DEBUG_INFORMATION_FORMAT = dwarf;
				ENABLE_STRICT_OBJC_MSGSEND = YES;
				ENABLE_TESTABILITY = YES;
				GCC_C_LANGUAGE_STANDARD = gnu99;
				GCC_DYNAMIC_NO_PIC = NO;
				GCC_NO_COMMON_BLOCKS = YES;
				GCC_OPTIMIZATION_LEVEL = 0;
				GCC_PREPROCESSOR_DEFINITIONS = (
					"DEBUG=1",
					"$(inherited)",
				);
				GCC_WARN_64_TO_32_BIT_CONVERSION = YES;
				GCC_WARN_ABOUT_RETURN_TYPE = YES_ERROR;
				GCC_WARN_UNDECLARED_SELECTOR = YES;
				GCC_WARN_UNINITIALIZED_AUTOS = YES_AGGRESSIVE;
				GCC_WARN_UNUSED_FUNCTION = YES;
				GCC_WARN_UNUSED_VARIABLE = YES;
				IPHONEOS_DEPLOYMENT_TARGET = 9.3;
				MTL_ENABLE_DEBUG_INFO = YES;
				ONLY_ACTIVE_ARCH = YES;
				SDKROOT = iphoneos;
			};
			name = Debug;
		};
		E098D77F1D522BBA00F55BC1 /* Release */ = {
			isa = XCBuildConfiguration;
			buildSettings = {
				ALWAYS_SEARCH_USER_PATHS = NO;
				CLANG_ANALYZER_NONNULL = YES;
				CLANG_CXX_LANGUAGE_STANDARD = "gnu++0x";
				CLANG_CXX_LIBRARY = "libc++";
				CLANG_ENABLE_MODULES = YES;
				CLANG_ENABLE_OBJC_ARC = YES;
				CLANG_WARN_BOOL_CONVERSION = YES;
				CLANG_WARN_CONSTANT_CONVERSION = YES;
				CLANG_WARN_DIRECT_OBJC_ISA_USAGE = YES_ERROR;
				CLANG_WARN_EMPTY_BODY = YES;
				CLANG_WARN_ENUM_CONVERSION = YES;
				CLANG_WARN_INT_CONVERSION = YES;
				CLANG_WARN_OBJC_ROOT_CLASS = YES_ERROR;
				CLANG_WARN_UNREACHABLE_CODE = YES;
				CLANG_WARN__DUPLICATE_METHOD_MATCH = YES;
				"CODE_SIGN_IDENTITY[sdk=iphoneos*]" = "iPhone Developer";
				COPY_PHASE_STRIP = NO;
				DEBUG_INFORMATION_FORMAT = "dwarf-with-dsym";
				ENABLE_NS_ASSERTIONS = NO;
				ENABLE_STRICT_OBJC_MSGSEND = YES;
				GCC_C_LANGUAGE_STANDARD = gnu99;
				GCC_NO_COMMON_BLOCKS = YES;
				GCC_WARN_64_TO_32_BIT_CONVERSION = YES;
				GCC_WARN_ABOUT_RETURN_TYPE = YES_ERROR;
				GCC_WARN_UNDECLARED_SELECTOR = YES;
				GCC_WARN_UNINITIALIZED_AUTOS = YES_AGGRESSIVE;
				GCC_WARN_UNUSED_FUNCTION = YES;
				GCC_WARN_UNUSED_VARIABLE = YES;
				IPHONEOS_DEPLOYMENT_TARGET = 9.3;
				MTL_ENABLE_DEBUG_INFO = NO;
				SDKROOT = iphoneos;
				VALIDATE_PRODUCT = YES;
			};
			name = Release;
		};
		E098D7811D522BBA00F55BC1 /* Debug */ = {
			isa = XCBuildConfiguration;
			buildSettings = {
				ASSETCATALOG_COMPILER_APPICON_NAME = AppIcon;
				INFOPLIST_FILE = Test/Info.plist;
				LD_RUNPATH_SEARCH_PATHS = "$(inherited) @executable_path/Frameworks";
				PRODUCT_BUNDLE_IDENTIFIER = com.qfu.Test;
				PRODUCT_NAME = "$(TARGET_NAME)";
			};
			name = Debug;
		};
		E098D7821D522BBA00F55BC1 /* Release */ = {
			isa = XCBuildConfiguration;
			buildSettings = {
				ASSETCATALOG_COMPILER_APPICON_NAME = AppIcon;
				INFOPLIST_FILE = Test/Info.plist;
				LD_RUNPATH_SEARCH_PATHS = "$(inherited) @executable_path/Frameworks";
				PRODUCT_BUNDLE_IDENTIFIER = com.qfu.Test;
				PRODUCT_NAME = "$(TARGET_NAME)";
			};
			name = Release;
		};
/* End XCBuildConfiguration section */

/* Begin XCConfigurationList section */
		A08858601DB4B456004121FB /* Build configuration list for PBXNativeTarget "TestTests" */ = {
			isa = XCConfigurationList;
			buildConfigurations = (
				A088585E1DB4B456004121FB /* Debug */,
				A088585F1DB4B456004121FB /* Release */,
			);
			defaultConfigurationIsVisible = 0;
		};
		E098D7641D522BBA00F55BC1 /* Build configuration list for PBXProject "Test" */ = {
			isa = XCConfigurationList;
			buildConfigurations = (
				E098D77E1D522BBA00F55BC1 /* Debug */,
				E098D77F1D522BBA00F55BC1 /* Release */,
			);
			defaultConfigurationIsVisible = 0;
			defaultConfigurationName = Release;
		};
		E098D7801D522BBA00F55BC1 /* Build configuration list for PBXNativeTarget "Test" */ = {
			isa = XCConfigurationList;
			buildConfigurations = (
				E098D7811D522BBA00F55BC1 /* Debug */,
				E098D7821D522BBA00F55BC1 /* Release */,
			);
			defaultConfigurationIsVisible = 0;
			defaultConfigurationName = Release;
		};
/* End XCConfigurationList section */
	};
	rootObject = E098D7611D522BBA00F55BC1 /* Project object */;
}
